// !$*UTF8*$!
{
	archiveVersion = 1;
	classes = {
	};
	objectVersion = 50;
	objects = {

/* Begin PBXBuildFile section */
		9B3468B6266353EC00980C04 /* QuestionViewControllerDelegate.swift in Sources */ = {isa = PBXBuildFile; fileRef = 9B3468B5266353EC00980C04 /* QuestionViewControllerDelegate.swift */; };
		9B3468BB2663540300980C04 /* QuestionViewControllerDataSource.swift in Sources */ = {isa = PBXBuildFile; fileRef = 9B3468BA2663540300980C04 /* QuestionViewControllerDataSource.swift */; };
		9B58116E26635F2C00F13FCC /* QuizViewModel.swift in Sources */ = {isa = PBXBuildFile; fileRef = 9B58116D26635F2C00F13FCC /* QuizViewModel.swift */; };
		9B5811772663691F00F13FCC /* QuizResource.swift in Sources */ = {isa = PBXBuildFile; fileRef = 9B5811762663691F00F13FCC /* QuizResource.swift */; };
		9B58118E2663CFB200F13FCC /* ResultTableViewController.swift in Sources */ = {isa = PBXBuildFile; fileRef = 9B58118C2663CFB200F13FCC /* ResultTableViewController.swift */; };
		9B58118F2663CFB200F13FCC /* ResultTableViewController.xib in Resources */ = {isa = PBXBuildFile; fileRef = 9B58118D2663CFB200F13FCC /* ResultTableViewController.xib */; };
		9B752B192662903500C4B788 /* AppDelegate.swift in Sources */ = {isa = PBXBuildFile; fileRef = 9B752B182662903500C4B788 /* AppDelegate.swift */; };
		9B752B1B2662903500C4B788 /* SceneDelegate.swift in Sources */ = {isa = PBXBuildFile; fileRef = 9B752B1A2662903500C4B788 /* SceneDelegate.swift */; };
		9B752B1D2662903500C4B788 /* QuestionViewController.swift in Sources */ = {isa = PBXBuildFile; fileRef = 9B752B1C2662903500C4B788 /* QuestionViewController.swift */; };
		9B752B202662903500C4B788 /* Main.storyboard in Resources */ = {isa = PBXBuildFile; fileRef = 9B752B1E2662903500C4B788 /* Main.storyboard */; };
		9B752B222662903800C4B788 /* Assets.xcassets in Resources */ = {isa = PBXBuildFile; fileRef = 9B752B212662903800C4B788 /* Assets.xcassets */; };
		9B752B252662903800C4B788 /* LaunchScreen.storyboard in Resources */ = {isa = PBXBuildFile; fileRef = 9B752B232662903800C4B788 /* LaunchScreen.storyboard */; };
		9B752B302662903800C4B788 /* QuizTests.swift in Sources */ = {isa = PBXBuildFile; fileRef = 9B752B2F2662903800C4B788 /* QuizTests.swift */; };
		9B752B3B2662903800C4B788 /* QuizUITests.swift in Sources */ = {isa = PBXBuildFile; fileRef = 9B752B3A2662903800C4B788 /* QuizUITests.swift */; };
		9B79516526629C06003B53A6 /* QuizDataModel.swift in Sources */ = {isa = PBXBuildFile; fileRef = 9B79516426629C06003B53A6 /* QuizDataModel.swift */; };
		9B79516E26629CCB003B53A6 /* HttpUtil.swift in Sources */ = {isa = PBXBuildFile; fileRef = 9B79516D26629CCB003B53A6 /* HttpUtil.swift */; };
		9B79517326629CF2003B53A6 /* ApiConstant.swift in Sources */ = {isa = PBXBuildFile; fileRef = 9B79517226629CF2003B53A6 /* ApiConstant.swift */; };
		9B8E8A24266691F400D03214 /* ResultTableViewControllerDataSource.swift in Sources */ = {isa = PBXBuildFile; fileRef = 9B8E8A23266691F400D03214 /* ResultTableViewControllerDataSource.swift */; };
/* End PBXBuildFile section */

/* Begin PBXContainerItemProxy section */
		9B752B2C2662903800C4B788 /* PBXContainerItemProxy */ = {
			isa = PBXContainerItemProxy;
			containerPortal = 9B752B0D2662903500C4B788 /* Project object */;
			proxyType = 1;
			remoteGlobalIDString = 9B752B142662903500C4B788;
			remoteInfo = Quiz;
		};
		9B752B372662903800C4B788 /* PBXContainerItemProxy */ = {
			isa = PBXContainerItemProxy;
			containerPortal = 9B752B0D2662903500C4B788 /* Project object */;
			proxyType = 1;
			remoteGlobalIDString = 9B752B142662903500C4B788;
			remoteInfo = Quiz;
		};
/* End PBXContainerItemProxy section */

/* Begin PBXFileReference section */
		9B3468B5266353EC00980C04 /* QuestionViewControllerDelegate.swift */ = {isa = PBXFileReference; lastKnownFileType = sourcecode.swift; path = QuestionViewControllerDelegate.swift; sourceTree = "<group>"; };
		9B3468BA2663540300980C04 /* QuestionViewControllerDataSource.swift */ = {isa = PBXFileReference; lastKnownFileType = sourcecode.swift; path = QuestionViewControllerDataSource.swift; sourceTree = "<group>"; };
		9B58116D26635F2C00F13FCC /* QuizViewModel.swift */ = {isa = PBXFileReference; lastKnownFileType = sourcecode.swift; path = QuizViewModel.swift; sourceTree = "<group>"; };
		9B5811762663691F00F13FCC /* QuizResource.swift */ = {isa = PBXFileReference; lastKnownFileType = sourcecode.swift; path = QuizResource.swift; sourceTree = "<group>"; };
		9B58118C2663CFB200F13FCC /* ResultTableViewController.swift */ = {isa = PBXFileReference; lastKnownFileType = sourcecode.swift; path = ResultTableViewController.swift; sourceTree = "<group>"; };
		9B58118D2663CFB200F13FCC /* ResultTableViewController.xib */ = {isa = PBXFileReference; lastKnownFileType = file.xib; path = ResultTableViewController.xib; sourceTree = "<group>"; };
		9B752B152662903500C4B788 /* Quiz.app */ = {isa = PBXFileReference; explicitFileType = wrapper.application; includeInIndex = 0; path = Quiz.app; sourceTree = BUILT_PRODUCTS_DIR; };
		9B752B182662903500C4B788 /* AppDelegate.swift */ = {isa = PBXFileReference; lastKnownFileType = sourcecode.swift; path = AppDelegate.swift; sourceTree = "<group>"; };
		9B752B1A2662903500C4B788 /* SceneDelegate.swift */ = {isa = PBXFileReference; lastKnownFileType = sourcecode.swift; path = SceneDelegate.swift; sourceTree = "<group>"; };
		9B752B1C2662903500C4B788 /* QuestionViewController.swift */ = {isa = PBXFileReference; lastKnownFileType = sourcecode.swift; path = QuestionViewController.swift; sourceTree = "<group>"; };
		9B752B1F2662903500C4B788 /* Base */ = {isa = PBXFileReference; lastKnownFileType = file.storyboard; name = Base; path = Base.lproj/Main.storyboard; sourceTree = "<group>"; };
		9B752B212662903800C4B788 /* Assets.xcassets */ = {isa = PBXFileReference; lastKnownFileType = folder.assetcatalog; path = Assets.xcassets; sourceTree = "<group>"; };
		9B752B242662903800C4B788 /* Base */ = {isa = PBXFileReference; lastKnownFileType = file.storyboard; name = Base; path = Base.lproj/LaunchScreen.storyboard; sourceTree = "<group>"; };
		9B752B262662903800C4B788 /* Info.plist */ = {isa = PBXFileReference; lastKnownFileType = text.plist.xml; path = Info.plist; sourceTree = "<group>"; };
		9B752B2B2662903800C4B788 /* QuizTests.xctest */ = {isa = PBXFileReference; explicitFileType = wrapper.cfbundle; includeInIndex = 0; path = QuizTests.xctest; sourceTree = BUILT_PRODUCTS_DIR; };
		9B752B2F2662903800C4B788 /* QuizTests.swift */ = {isa = PBXFileReference; lastKnownFileType = sourcecode.swift; path = QuizTests.swift; sourceTree = "<group>"; };
		9B752B312662903800C4B788 /* Info.plist */ = {isa = PBXFileReference; lastKnownFileType = text.plist.xml; path = Info.plist; sourceTree = "<group>"; };
		9B752B362662903800C4B788 /* QuizUITests.xctest */ = {isa = PBXFileReference; explicitFileType = wrapper.cfbundle; includeInIndex = 0; path = QuizUITests.xctest; sourceTree = BUILT_PRODUCTS_DIR; };
		9B752B3A2662903800C4B788 /* QuizUITests.swift */ = {isa = PBXFileReference; lastKnownFileType = sourcecode.swift; path = QuizUITests.swift; sourceTree = "<group>"; };
		9B752B3C2662903800C4B788 /* Info.plist */ = {isa = PBXFileReference; lastKnownFileType = text.plist.xml; path = Info.plist; sourceTree = "<group>"; };
		9B79516426629C06003B53A6 /* QuizDataModel.swift */ = {isa = PBXFileReference; lastKnownFileType = sourcecode.swift; path = QuizDataModel.swift; sourceTree = "<group>"; };
		9B79516D26629CCB003B53A6 /* HttpUtil.swift */ = {isa = PBXFileReference; lastKnownFileType = sourcecode.swift; path = HttpUtil.swift; sourceTree = "<group>"; };
		9B79517226629CF2003B53A6 /* ApiConstant.swift */ = {isa = PBXFileReference; lastKnownFileType = sourcecode.swift; path = ApiConstant.swift; sourceTree = "<group>"; };
		9B8E8A23266691F400D03214 /* ResultTableViewControllerDataSource.swift */ = {isa = PBXFileReference; lastKnownFileType = sourcecode.swift; path = ResultTableViewControllerDataSource.swift; sourceTree = "<group>"; };
/* End PBXFileReference section */

/* Begin PBXFrameworksBuildPhase section */
		9B752B122662903500C4B788 /* Frameworks */ = {
			isa = PBXFrameworksBuildPhase;
			buildActionMask = 2147483647;
			files = (
			);
			runOnlyForDeploymentPostprocessing = 0;
		};
		9B752B282662903800C4B788 /* Frameworks */ = {
			isa = PBXFrameworksBuildPhase;
			buildActionMask = 2147483647;
			files = (
			);
			runOnlyForDeploymentPostprocessing = 0;
		};
		9B752B332662903800C4B788 /* Frameworks */ = {
			isa = PBXFrameworksBuildPhase;
			buildActionMask = 2147483647;
			files = (
			);
			runOnlyForDeploymentPostprocessing = 0;
		};
/* End PBXFrameworksBuildPhase section */

/* Begin PBXGroup section */
		9B58117226635F3A00F13FCC /* ViewModels */ = {
			isa = PBXGroup;
			children = (
				9B58116D26635F2C00F13FCC /* QuizViewModel.swift */,
				9B5811762663691F00F13FCC /* QuizResource.swift */,
			);
			path = ViewModels;
			sourceTree = "<group>";
		};
		9B752B0C2662903500C4B788 = {
			isa = PBXGroup;
			children = (
				9B752B172662903500C4B788 /* Quiz */,
				9B752B2E2662903800C4B788 /* QuizTests */,
				9B752B392662903800C4B788 /* QuizUITests */,
				9B752B162662903500C4B788 /* Products */,
			);
			sourceTree = "<group>";
		};
		9B752B162662903500C4B788 /* Products */ = {
			isa = PBXGroup;
			children = (
				9B752B152662903500C4B788 /* Quiz.app */,
				9B752B2B2662903800C4B788 /* QuizTests.xctest */,
				9B752B362662903800C4B788 /* QuizUITests.xctest */,
			);
			name = Products;
			sourceTree = "<group>";
		};
		9B752B172662903500C4B788 /* Quiz */ = {
			isa = PBXGroup;
			children = (
				9B8E8A1C26668CC900D03214 /* Constants */,
				9B79517726629D2A003B53A6 /* Utils */,
				9B79516926629C48003B53A6 /* Models */,
				9B58117226635F3A00F13FCC /* ViewModels */,
				9B752B522662910D00C4B788 /* Views */,
				9B752B512662910300C4B788 /* Controller */,
				9B8E8A1826668C9500D03214 /* SupportingFiles */,
				9B752B212662903800C4B788 /* Assets.xcassets */,
				9B752B262662903800C4B788 /* Info.plist */,
			);
			path = Quiz;
			sourceTree = "<group>";
		};
		9B752B2E2662903800C4B788 /* QuizTests */ = {
			isa = PBXGroup;
			children = (
				9B752B2F2662903800C4B788 /* QuizTests.swift */,
				9B752B312662903800C4B788 /* Info.plist */,
			);
			path = QuizTests;
			sourceTree = "<group>";
		};
		9B752B392662903800C4B788 /* QuizUITests */ = {
			isa = PBXGroup;
			children = (
				9B752B3A2662903800C4B788 /* QuizUITests.swift */,
				9B752B3C2662903800C4B788 /* Info.plist */,
			);
			path = QuizUITests;
			sourceTree = "<group>";
		};
		9B752B512662910300C4B788 /* Controller */ = {
			isa = PBXGroup;
			children = (
				9B752B1C2662903500C4B788 /* QuestionViewController.swift */,
				9B3468B5266353EC00980C04 /* QuestionViewControllerDelegate.swift */,
				9B3468BA2663540300980C04 /* QuestionViewControllerDataSource.swift */,
				9B58118C2663CFB200F13FCC /* ResultTableViewController.swift */,
				9B8E8A23266691F400D03214 /* ResultTableViewControllerDataSource.swift */,
				9B58118D2663CFB200F13FCC /* ResultTableViewController.xib */,
			);
			path = Controller;
			sourceTree = "<group>";
		};
		9B752B522662910D00C4B788 /* Views */ = {
			isa = PBXGroup;
			children = (
				9B752B232662903800C4B788 /* LaunchScreen.storyboard */,
				9B752B1E2662903500C4B788 /* Main.storyboard */,
			);
			path = Views;
			sourceTree = "<group>";
		};
		9B79516926629C48003B53A6 /* Models */ = {
			isa = PBXGroup;
			children = (
				9B79516426629C06003B53A6 /* QuizDataModel.swift */,
			);
			path = Models;
			sourceTree = "<group>";
		};
		9B79517726629D2A003B53A6 /* Utils */ = {
			isa = PBXGroup;
			children = (
				9B79516D26629CCB003B53A6 /* HttpUtil.swift */,
			);
			path = Utils;
			sourceTree = "<group>";
		};
		9B8E8A1826668C9500D03214 /* SupportingFiles */ = {
			isa = PBXGroup;
			children = (
				9B752B182662903500C4B788 /* AppDelegate.swift */,
				9B752B1A2662903500C4B788 /* SceneDelegate.swift */,
			);
			path = SupportingFiles;
			sourceTree = "<group>";
		};
		9B8E8A1C26668CC900D03214 /* Constants */ = {
			isa = PBXGroup;
			children = (
				9B79517226629CF2003B53A6 /* ApiConstant.swift */,
			);
			path = Constants;
			sourceTree = "<group>";
		};
/* End PBXGroup section */

/* Begin PBXNativeTarget section */
		9B752B142662903500C4B788 /* Quiz */ = {
			isa = PBXNativeTarget;
			buildConfigurationList = 9B752B3F2662903800C4B788 /* Build configuration list for PBXNativeTarget "Quiz" */;
			buildPhases = (
				9B752B112662903500C4B788 /* Sources */,
				9B752B122662903500C4B788 /* Frameworks */,
				9B752B132662903500C4B788 /* Resources */,
			);
			buildRules = (
			);
			dependencies = (
			);
			name = Quiz;
			productName = Quiz;
			productReference = 9B752B152662903500C4B788 /* Quiz.app */;
			productType = "com.apple.product-type.application";
		};
		9B752B2A2662903800C4B788 /* QuizTests */ = {
			isa = PBXNativeTarget;
			buildConfigurationList = 9B752B422662903800C4B788 /* Build configuration list for PBXNativeTarget "QuizTests" */;
			buildPhases = (
				9B752B272662903800C4B788 /* Sources */,
				9B752B282662903800C4B788 /* Frameworks */,
				9B752B292662903800C4B788 /* Resources */,
			);
			buildRules = (
			);
			dependencies = (
				9B752B2D2662903800C4B788 /* PBXTargetDependency */,
			);
			name = QuizTests;
			productName = QuizTests;
			productReference = 9B752B2B2662903800C4B788 /* QuizTests.xctest */;
			productType = "com.apple.product-type.bundle.unit-test";
		};
		9B752B352662903800C4B788 /* QuizUITests */ = {
			isa = PBXNativeTarget;
			buildConfigurationList = 9B752B452662903800C4B788 /* Build configuration list for PBXNativeTarget "QuizUITests" */;
			buildPhases = (
				9B752B322662903800C4B788 /* Sources */,
				9B752B332662903800C4B788 /* Frameworks */,
				9B752B342662903800C4B788 /* Resources */,
			);
			buildRules = (
			);
			dependencies = (
				9B752B382662903800C4B788 /* PBXTargetDependency */,
			);
			name = QuizUITests;
			productName = QuizUITests;
			productReference = 9B752B362662903800C4B788 /* QuizUITests.xctest */;
			productType = "com.apple.product-type.bundle.ui-testing";
		};
/* End PBXNativeTarget section */

/* Begin PBXProject section */
		9B752B0D2662903500C4B788 /* Project object */ = {
			isa = PBXProject;
			attributes = {
				LastSwiftUpdateCheck = 1240;
				LastUpgradeCheck = 1240;
				TargetAttributes = {
					9B752B142662903500C4B788 = {
						CreatedOnToolsVersion = 12.4;
					};
					9B752B2A2662903800C4B788 = {
						CreatedOnToolsVersion = 12.4;
						TestTargetID = 9B752B142662903500C4B788;
					};
					9B752B352662903800C4B788 = {
						CreatedOnToolsVersion = 12.4;
						TestTargetID = 9B752B142662903500C4B788;
					};
				};
			};
			buildConfigurationList = 9B752B102662903500C4B788 /* Build configuration list for PBXProject "Quiz" */;
			compatibilityVersion = "Xcode 9.3";
			developmentRegion = en;
			hasScannedForEncodings = 0;
			knownRegions = (
				en,
				Base,
			);
			mainGroup = 9B752B0C2662903500C4B788;
			productRefGroup = 9B752B162662903500C4B788 /* Products */;
			projectDirPath = "";
			projectRoot = "";
			targets = (
				9B752B142662903500C4B788 /* Quiz */,
				9B752B2A2662903800C4B788 /* QuizTests */,
				9B752B352662903800C4B788 /* QuizUITests */,
			);
		};
/* End PBXProject section */

/* Begin PBXResourcesBuildPhase section */
		9B752B132662903500C4B788 /* Resources */ = {
			isa = PBXResourcesBuildPhase;
			buildActionMask = 2147483647;
			files = (
				9B58118F2663CFB200F13FCC /* ResultTableViewController.xib in Resources */,
				9B752B252662903800C4B788 /* LaunchScreen.storyboard in Resources */,
				9B752B222662903800C4B788 /* Assets.xcassets in Resources */,
				9B752B202662903500C4B788 /* Main.storyboard in Resources */,
			);
			runOnlyForDeploymentPostprocessing = 0;
		};
		9B752B292662903800C4B788 /* Resources */ = {
			isa = PBXResourcesBuildPhase;
			buildActionMask = 2147483647;
			files = (
			);
			runOnlyForDeploymentPostprocessing = 0;
		};
		9B752B342662903800C4B788 /* Resources */ = {
			isa = PBXResourcesBuildPhase;
			buildActionMask = 2147483647;
			files = (
			);
			runOnlyForDeploymentPostprocessing = 0;
		};
/* End PBXResourcesBuildPhase section */

/* Begin PBXSourcesBuildPhase section */
		9B752B112662903500C4B788 /* Sources */ = {
			isa = PBXSourcesBuildPhase;
			buildActionMask = 2147483647;
			files = (
				9B79517326629CF2003B53A6 /* ApiConstant.swift in Sources */,
				9B752B1D2662903500C4B788 /* QuestionViewController.swift in Sources */,
				9B79516E26629CCB003B53A6 /* HttpUtil.swift in Sources */,
				9B58116E26635F2C00F13FCC /* QuizViewModel.swift in Sources */,
				9B5811772663691F00F13FCC /* QuizResource.swift in Sources */,
				9B8E8A24266691F400D03214 /* ResultTableViewControllerDataSource.swift in Sources */,
				9B3468BB2663540300980C04 /* QuestionViewControllerDataSource.swift in Sources */,
				9B752B192662903500C4B788 /* AppDelegate.swift in Sources */,
				9B79516526629C06003B53A6 /* QuizDataModel.swift in Sources */,
				9B58118E2663CFB200F13FCC /* ResultTableViewController.swift in Sources */,
				9B752B1B2662903500C4B788 /* SceneDelegate.swift in Sources */,
				9B3468B6266353EC00980C04 /* QuestionViewControllerDelegate.swift in Sources */,
			);
			runOnlyForDeploymentPostprocessing = 0;
		};
		9B752B272662903800C4B788 /* Sources */ = {
			isa = PBXSourcesBuildPhase;
			buildActionMask = 2147483647;
			files = (
				9B752B302662903800C4B788 /* QuizTests.swift in Sources */,
			);
			runOnlyForDeploymentPostprocessing = 0;
		};
		9B752B322662903800C4B788 /* Sources */ = {
			isa = PBXSourcesBuildPhase;
			buildActionMask = 2147483647;
			files = (
				9B752B3B2662903800C4B788 /* QuizUITests.swift in Sources */,
			);
			runOnlyForDeploymentPostprocessing = 0;
		};
/* End PBXSourcesBuildPhase section */

/* Begin PBXTargetDependency section */
		9B752B2D2662903800C4B788 /* PBXTargetDependency */ = {
			isa = PBXTargetDependency;
			target = 9B752B142662903500C4B788 /* Quiz */;
			targetProxy = 9B752B2C2662903800C4B788 /* PBXContainerItemProxy */;
		};
		9B752B382662903800C4B788 /* PBXTargetDependency */ = {
			isa = PBXTargetDependency;
			target = 9B752B142662903500C4B788 /* Quiz */;
			targetProxy = 9B752B372662903800C4B788 /* PBXContainerItemProxy */;
		};
/* End PBXTargetDependency section */

/* Begin PBXVariantGroup section */
		9B752B1E2662903500C4B788 /* Main.storyboard */ = {
			isa = PBXVariantGroup;
			children = (
				9B752B1F2662903500C4B788 /* Base */,
			);
			name = Main.storyboard;
			sourceTree = "<group>";
		};
		9B752B232662903800C4B788 /* LaunchScreen.storyboard */ = {
			isa = PBXVariantGroup;
			children = (
				9B752B242662903800C4B788 /* Base */,
			);
			name = LaunchScreen.storyboard;
			sourceTree = "<group>";
		};
/* End PBXVariantGroup section */

/* Begin XCBuildConfiguration section */
		9B752B3D2662903800C4B788 /* Debug */ = {
			isa = XCBuildConfiguration;
			buildSettings = {
				ALWAYS_SEARCH_USER_PATHS = NO;
				CLANG_ANALYZER_NONNULL = YES;
				CLANG_ANALYZER_NUMBER_OBJECT_CONVERSION = YES_AGGRESSIVE;
				CLANG_CXX_LANGUAGE_STANDARD = "gnu++14";
				CLANG_CXX_LIBRARY = "libc++";
				CLANG_ENABLE_MODULES = YES;
				CLANG_ENABLE_OBJC_ARC = YES;
				CLANG_ENABLE_OBJC_WEAK = YES;
				CLANG_WARN_BLOCK_CAPTURE_AUTORELEASING = YES;
				CLANG_WARN_BOOL_CONVERSION = YES;
				CLANG_WARN_COMMA = YES;
				CLANG_WARN_CONSTANT_CONVERSION = YES;
				CLANG_WARN_DEPRECATED_OBJC_IMPLEMENTATIONS = YES;
				CLANG_WARN_DIRECT_OBJC_ISA_USAGE = YES_ERROR;
				CLANG_WARN_DOCUMENTATION_COMMENTS = YES;
				CLANG_WARN_EMPTY_BODY = YES;
				CLANG_WARN_ENUM_CONVERSION = YES;
				CLANG_WARN_INFINITE_RECURSION = YES;
				CLANG_WARN_INT_CONVERSION = YES;
				CLANG_WARN_NON_LITERAL_NULL_CONVERSION = YES;
				CLANG_WARN_OBJC_IMPLICIT_RETAIN_SELF = YES;
				CLANG_WARN_OBJC_LITERAL_CONVERSION = YES;
				CLANG_WARN_OBJC_ROOT_CLASS = YES_ERROR;
				CLANG_WARN_QUOTED_INCLUDE_IN_FRAMEWORK_HEADER = YES;
				CLANG_WARN_RANGE_LOOP_ANALYSIS = YES;
				CLANG_WARN_STRICT_PROTOTYPES = YES;
				CLANG_WARN_SUSPICIOUS_MOVE = YES;
				CLANG_WARN_UNGUARDED_AVAILABILITY = YES_AGGRESSIVE;
				CLANG_WARN_UNREACHABLE_CODE = YES;
				CLANG_WARN__DUPLICATE_METHOD_MATCH = YES;
				COPY_PHASE_STRIP = NO;
				DEBUG_INFORMATION_FORMAT = dwarf;
				ENABLE_STRICT_OBJC_MSGSEND = YES;
				ENABLE_TESTABILITY = YES;
				GCC_C_LANGUAGE_STANDARD = gnu11;
				GCC_DYNAMIC_NO_PIC = NO;
				GCC_NO_COMMON_BLOCKS = YES;
				GCC_OPTIMIZATION_LEVEL = 0;
				GCC_PREPROCESSOR_DEFINITIONS = (
					"DEBUG=1",
					"$(inherited)",
				);
				GCC_WARN_64_TO_32_BIT_CONVERSION = YES;
				GCC_WARN_ABOUT_RETURN_TYPE = YES_ERROR;
				GCC_WARN_UNDECLARED_SELECTOR = YES;
				GCC_WARN_UNINITIALIZED_AUTOS = YES_AGGRESSIVE;
				GCC_WARN_UNUSED_FUNCTION = YES;
				GCC_WARN_UNUSED_VARIABLE = YES;
				IPHONEOS_DEPLOYMENT_TARGET = 14.4;
				MTL_ENABLE_DEBUG_INFO = INCLUDE_SOURCE;
				MTL_FAST_MATH = YES;
				ONLY_ACTIVE_ARCH = YES;
				SDKROOT = iphoneos;
				SWIFT_ACTIVE_COMPILATION_CONDITIONS = DEBUG;
				SWIFT_OPTIMIZATION_LEVEL = "-Onone";
			};
			name = Debug;
		};
		9B752B3E2662903800C4B788 /* Release */ = {
			isa = XCBuildConfiguration;
			buildSettings = {
				ALWAYS_SEARCH_USER_PATHS = NO;
				CLANG_ANALYZER_NONNULL = YES;
				CLANG_ANALYZER_NUMBER_OBJECT_CONVERSION = YES_AGGRESSIVE;
				CLANG_CXX_LANGUAGE_STANDARD = "gnu++14";
				CLANG_CXX_LIBRARY = "libc++";
				CLANG_ENABLE_MODULES = YES;
				CLANG_ENABLE_OBJC_ARC = YES;
				CLANG_ENABLE_OBJC_WEAK = YES;
				CLANG_WARN_BLOCK_CAPTURE_AUTORELEASING = YES;
				CLANG_WARN_BOOL_CONVERSION = YES;
				CLANG_WARN_COMMA = YES;
				CLANG_WARN_CONSTANT_CONVERSION = YES;
				CLANG_WARN_DEPRECATED_OBJC_IMPLEMENTATIONS = YES;
				CLANG_WARN_DIRECT_OBJC_ISA_USAGE = YES_ERROR;
				CLANG_WARN_DOCUMENTATION_COMMENTS = YES;
				CLANG_WARN_EMPTY_BODY = YES;
				CLANG_WARN_ENUM_CONVERSION = YES;
				CLANG_WARN_INFINITE_RECURSION = YES;
				CLANG_WARN_INT_CONVERSION = YES;
				CLANG_WARN_NON_LITERAL_NULL_CONVERSION = YES;
				CLANG_WARN_OBJC_IMPLICIT_RETAIN_SELF = YES;
				CLANG_WARN_OBJC_LITERAL_CONVERSION = YES;
				CLANG_WARN_OBJC_ROOT_CLASS = YES_ERROR;
				CLANG_WARN_QUOTED_INCLUDE_IN_FRAMEWORK_HEADER = YES;
				CLANG_WARN_RANGE_LOOP_ANALYSIS = YES;
				CLANG_WARN_STRICT_PROTOTYPES = YES;
				CLANG_WARN_SUSPICIOUS_MOVE = YES;
				CLANG_WARN_UNGUARDED_AVAILABILITY = YES_AGGRESSIVE;
				CLANG_WARN_UNREACHABLE_CODE = YES;
				CLANG_WARN__DUPLICATE_METHOD_MATCH = YES;
				COPY_PHASE_STRIP = NO;
				DEBUG_INFORMATION_FORMAT = "dwarf-with-dsym";
				ENABLE_NS_ASSERTIONS = NO;
				ENABLE_STRICT_OBJC_MSGSEND = YES;
				GCC_C_LANGUAGE_STANDARD = gnu11;
				GCC_NO_COMMON_BLOCKS = YES;
				GCC_WARN_64_TO_32_BIT_CONVERSION = YES;
				GCC_WARN_ABOUT_RETURN_TYPE = YES_ERROR;
				GCC_WARN_UNDECLARED_SELECTOR = YES;
				GCC_WARN_UNINITIALIZED_AUTOS = YES_AGGRESSIVE;
				GCC_WARN_UNUSED_FUNCTION = YES;
				GCC_WARN_UNUSED_VARIABLE = YES;
				IPHONEOS_DEPLOYMENT_TARGET = 14.4;
				MTL_ENABLE_DEBUG_INFO = NO;
				MTL_FAST_MATH = YES;
				SDKROOT = iphoneos;
				SWIFT_COMPILATION_MODE = wholemodule;
				SWIFT_OPTIMIZATION_LEVEL = "-O";
				VALIDATE_PRODUCT = YES;
			};
			name = Release;
		};
		9B752B402662903800C4B788 /* Debug */ = {
			isa = XCBuildConfiguration;
			buildSettings = {
				ASSETCATALOG_COMPILER_APPICON_NAME = AppIcon;
				ASSETCATALOG_COMPILER_GLOBAL_ACCENT_COLOR_NAME = AccentColor;
				CODE_SIGN_STYLE = Automatic;
				DEVELOPMENT_TEAM = ZS5WMDAX7Z;
				INFOPLIST_FILE = Quiz/Info.plist;
				IPHONEOS_DEPLOYMENT_TARGET = 12.1;
				LD_RUNPATH_SEARCH_PATHS = (
					"$(inherited)",
					"@executable_path/Frameworks",
				);
				PRODUCT_BUNDLE_IDENTIFIER = com.rushabh.Quiz;
				PRODUCT_NAME = "$(TARGET_NAME)";
				SWIFT_VERSION = 5.0;
				TARGETED_DEVICE_FAMILY = "1,2";
			};
			name = Debug;
		};
		9B752B412662903800C4B788 /* Release */ = {
			isa = XCBuildConfiguration;
			buildSettings = {
				ASSETCATALOG_COMPILER_APPICON_NAME = AppIcon;
				ASSETCATALOG_COMPILER_GLOBAL_ACCENT_COLOR_NAME = AccentColor;
				CODE_SIGN_STYLE = Automatic;
				DEVELOPMENT_TEAM = ZS5WMDAX7Z;
				INFOPLIST_FILE = Quiz/Info.plist;
				IPHONEOS_DEPLOYMENT_TARGET = 12.1;
				LD_RUNPATH_SEARCH_PATHS = (
					"$(inherited)",
					"@executable_path/Frameworks",
				);
				PRODUCT_BUNDLE_IDENTIFIER = com.rushabh.Quiz;
				PRODUCT_NAME = "$(TARGET_NAME)";
				SWIFT_VERSION = 5.0;
				TARGETED_DEVICE_FAMILY = "1,2";
			};
			name = Release;
		};
		9B752B432662903800C4B788 /* Debug */ = {
			isa = XCBuildConfiguration;
			buildSettings = {
				ALWAYS_EMBED_SWIFT_STANDARD_LIBRARIES = YES;
				BUNDLE_LOADER = "$(TEST_HOST)";
				CODE_SIGN_STYLE = Automatic;
				DEVELOPMENT_TEAM = ZS5WMDAX7Z;
				INFOPLIST_FILE = QuizTests/Info.plist;
				IPHONEOS_DEPLOYMENT_TARGET = 14.4;
				LD_RUNPATH_SEARCH_PATHS = (
					"$(inherited)",
					"@executable_path/Frameworks",
					"@loader_path/Frameworks",
				);
				PRODUCT_BUNDLE_IDENTIFIER = com.rushabh.QuizTests;
				PRODUCT_NAME = "$(TARGET_NAME)";
				SWIFT_VERSION = 5.0;
				TARGETED_DEVICE_FAMILY = "1,2";
				TEST_HOST = "$(BUILT_PRODUCTS_DIR)/Quiz.app/Quiz";
			};
			name = Debug;
		};
		9B752B442662903800C4B788 /* Release */ = {
			isa = XCBuildConfiguration;
			buildSettings = {
				ALWAYS_EMBED_SWIFT_STANDARD_LIBRARIES = YES;
				BUNDLE_LOADER = "$(TEST_HOST)";
				CODE_SIGN_STYLE = Automatic;
				DEVELOPMENT_TEAM = ZS5WMDAX7Z;
				INFOPLIST_FILE = QuizTests/Info.plist;
				IPHONEOS_DEPLOYMENT_TARGET = 14.4;
				LD_RUNPATH_SEARCH_PATHS = (
					"$(inherited)",
					"@executable_path/Frameworks",
					"@loader_path/Frameworks",
				);
				PRODUCT_BUNDLE_IDENTIFIER = com.rushabh.QuizTests;
				PRODUCT_NAME = "$(TARGET_NAME)";
				SWIFT_VERSION = 5.0;
				TARGETED_DEVICE_FAMILY = "1,2";
				TEST_HOST = "$(BUILT_PRODUCTS_DIR)/Quiz.app/Quiz";
			};
			name = Release;
		};
		9B752B462662903800C4B788 /* Debug */ = {
			isa = XCBuildConfiguration;
			buildSettings = {
				ALWAYS_EMBED_SWIFT_STANDARD_LIBRARIES = YES;
				CODE_SIGN_STYLE = Automatic;
				DEVELOPMENT_TEAM = ZS5WMDAX7Z;
				INFOPLIST_FILE = QuizUITests/Info.plist;
				LD_RUNPATH_SEARCH_PATHS = (
					"$(inherited)",
					"@executable_path/Frameworks",
					"@loader_path/Frameworks",
				);
				PRODUCT_BUNDLE_IDENTIFIER = com.rushabh.QuizUITests;
				PRODUCT_NAME = "$(TARGET_NAME)";
				SWIFT_VERSION = 5.0;
				TARGETED_DEVICE_FAMILY = "1,2";
				TEST_TARGET_NAME = Quiz;
			};
			name = Debug;
		};
		9B752B472662903800C4B788 /* Release */ = {
			isa = XCBuildConfiguration;
			buildSettings = {
				ALWAYS_EMBED_SWIFT_STANDARD_LIBRARIES = YES;
				CODE_SIGN_STYLE = Automatic;
				DEVELOPMENT_TEAM = ZS5WMDAX7Z;
				INFOPLIST_FILE = QuizUITests/Info.plist;
				LD_RUNPATH_SEARCH_PATHS = (
					"$(inherited)",
					"@executable_path/Frameworks",
					"@loader_path/Frameworks",
				);
				PRODUCT_BUNDLE_IDENTIFIER = com.rushabh.QuizUITests;
				PRODUCT_NAME = "$(TARGET_NAME)";
				SWIFT_VERSION = 5.0;
				TARGETED_DEVICE_FAMILY = "1,2";
				TEST_TARGET_NAME = Quiz;
			};
			name = Release;
		};
/* End XCBuildConfiguration section */

/* Begin XCConfigurationList section */
		9B752B102662903500C4B788 /* Build configuration list for PBXProject "Quiz" */ = {
			isa = XCConfigurationList;
			buildConfigurations = (
				9B752B3D2662903800C4B788 /* Debug */,
				9B752B3E2662903800C4B788 /* Release */,
			);
			defaultConfigurationIsVisible = 0;
			defaultConfigurationName = Release;
		};
		9B752B3F2662903800C4B788 /* Build configuration list for PBXNativeTarget "Quiz" */ = {
			isa = XCConfigurationList;
			buildConfigurations = (
				9B752B402662903800C4B788 /* Debug */,
				9B752B412662903800C4B788 /* Release */,
			);
			defaultConfigurationIsVisible = 0;
			defaultConfigurationName = Release;
		};
		9B752B422662903800C4B788 /* Build configuration list for PBXNativeTarget "QuizTests" */ = {
			isa = XCConfigurationList;
			buildConfigurations = (
				9B752B432662903800C4B788 /* Debug */,
				9B752B442662903800C4B788 /* Release */,
			);
			defaultConfigurationIsVisible = 0;
			defaultConfigurationName = Release;
		};
		9B752B452662903800C4B788 /* Build configuration list for PBXNativeTarget "QuizUITests" */ = {
			isa = XCConfigurationList;
			buildConfigurations = (
				9B752B462662903800C4B788 /* Debug */,
				9B752B472662903800C4B788 /* Release */,
			);
			defaultConfigurationIsVisible = 0;
			defaultConfigurationName = Release;
		};
/* End XCConfigurationList section */
	};
	rootObject = 9B752B0D2662903500C4B788 /* Project object */;
}
